
Microsoft Visual Studio Solution File, Format Version 12.00
# Visual Studio Version 17
VisualStudioVersion = 17.3.32929.385
MinimumVisualStudioVersion = 10.0.40219.1
Project("{9A19103F-16F7-4668-BE54-9A1E7A4F7556}") = "crossy road", "crossy road\crossy road.csproj", "{6E47FCCB-E119-4DCB-9028-454BB354242B}"
EndProject
Global
	GlobalSection(SolutionConfigurationPlatforms) = preSolution
		Debug|Any CPU = Debug|Any CPU
		Release|Any CPU = Release|Any CPU
	EndGlobalSection
	GlobalSection(ProjectConfigurationPlatforms) = postSolution
		{6E47FCCB-E119-4DCB-9028-454BB354242B}.Debug|Any CPU.ActiveCfg = Debug|Any CPU
		{6E47FCCB-E119-4DCB-9028-454BB354242B}.Debug|Any CPU.Build.0 = Debug|Any CPU
		{6E47FCCB-E119-4DCB-9028-454BB354242B}.Release|Any CPU.ActiveCfg = Release|Any CPU
		{6E47FCCB-E119-4DCB-9028-454BB354242B}.Release|Any CPU.Build.0 = Release|Any CPU
	EndGlobalSection
	GlobalSection(SolutionProperties) = preSolution
		HideSolutionNode = FALSE
	EndGlobalSection
	GlobalSection(ExtensibilityGlobals) = postSolution
		SolutionGuid = {EC6B270D-0593-4EB9-923C-70347FE64409}
	EndGlobalSection
EndGlobal
